
Microsoft Visual Studio Solution File, Format Version 12.00
# Visual Studio 15
VisualStudioVersion = 15.0.28307.329
MinimumVisualStudioVersion = 10.0.40219.1
Project("{FAE04EC0-301F-11D3-BF4B-00C04F79EFBC}") = "Vidly", "Vidly\Vidly.csproj", "{79343A9F-E5F3-4BD1-9457-82E413678996}"
EndProject
Global
	GlobalSection(SolutionConfigurationPlatforms) = preSolution
		Debug|Any CPU = Debug|Any CPU
		Release|Any CPU = Release|Any CPU
	EndGlobalSection
	GlobalSection(ProjectConfigurationPlatforms) = postSolution
		{79343A9F-E5F3-4BD1-9457-82E413678996}.Debug|Any CPU.ActiveCfg = Debug|Any CPU
		{79343A9F-E5F3-4BD1-9457-82E413678996}.Debug|Any CPU.Build.0 = Debug|Any CPU
		{79343A9F-E5F3-4BD1-9457-82E413678996}.Release|Any CPU.ActiveCfg = Release|Any CPU
		{79343A9F-E5F3-4BD1-9457-82E413678996}.Release|Any CPU.Build.0 = Release|Any CPU
	EndGlobalSection
	GlobalSection(SolutionProperties) = preSolution
		HideSolutionNode = FALSE
	EndGlobalSection
	GlobalSection(ExtensibilityGlobals) = postSolution
		SolutionGuid = {4AA1458D-0D3A-426C-AFB8-DEF535678440}
	EndGlobalSection
EndGlobal
